
Microsoft Visual Studio Solution File, Format Version 10.00
# Visual Studio 2008
Project("{8BC9CEB8-8B4A-11D0-8D11-00A0C91BC942}") = "AutoBot", "AutoBot\AutoBot.vcproj", "{9E937F93-29BC-445D-A47C-65989F92DB8E}"
	ProjectSection(ProjectDependencies) = postProject
		{90150A16-FF52-B045-A9E4-73BE8B866724} = {90150A16-FF52-B045-A9E4-73BE8B866724}
		{60CDC470-1E9A-4047-8924-D56A48A3A336} = {60CDC470-1E9A-4047-8924-D56A48A3A336}
	EndProjectSection
EndProject
Project("{8BC9CEB8-8B4A-11D0-8D11-00A0C91BC942}") = "databaselayer_sqlite", "Databaselayer\build\databaselayer_databaselayer_sqlite.vcproj", "{60CDC470-1E9A-4047-8924-D56A48A3A336}"
EndProject
Project("{8BC9CEB8-8B4A-11D0-8D11-00A0C91BC942}") = "wxSF", "wxSF\wxSF.vcproj", "{90150A16-FF52-B045-A9E4-73BE8B866724}"
EndProject
Project("{8BC9CEB8-8B4A-11D0-8D11-00A0C91BC942}") = "squirrel", "Squirrel\squirrel71.vcproj", "{D2EB28F5-6B67-4823-8051-B564EF852CED}"
EndProject
Project("{8BC9CEB8-8B4A-11D0-8D11-00A0C91BC942}") = "wxscintilla", "wxScintilla\build\wxscintilla.vcproj", "{C804764A-69F9-412A-B6DC-DD7075EBB2A8}"
EndProject
Project("{8BC9CEB8-8B4A-11D0-8D11-00A0C91BC942}") = "sqstdlib", "sqstdlib\sqstdlib71.vcproj", "{21FFCF49-0D09-41D3-8A04-F47A0890F27A}"
EndProject
Project("{8BC9CEB8-8B4A-11D0-8D11-00A0C91BC942}") = "propgrid", "wxPropgrid\propgrid.vcproj", "{110DB50F-7947-4E66-8F5C-B4F378DCBEDD}"
EndProject
Project("{8BC9CEB8-8B4A-11D0-8D11-00A0C91BC942}") = "cryptlib", "wxCryptopp\cryptlib.vcproj", "{3423EC9A-52E4-4A4D-9753-EDEBC38785EF}"
EndProject
Global
	GlobalSection(SolutionConfigurationPlatforms) = preSolution
		Debug Dll|Win32 = Debug Dll|Win32
		Debug Dll|x64 = Debug Dll|x64
		Debug|Win32 = Debug|Win32
		Debug|x64 = Debug|x64
		Release|Win32 = Release|Win32
		Release|x64 = Release|x64
	EndGlobalSection
	GlobalSection(ProjectConfigurationPlatforms) = postSolution
		{9E937F93-29BC-445D-A47C-65989F92DB8E}.Debug Dll|Win32.ActiveCfg = Debug Dll|Win32
		{9E937F93-29BC-445D-A47C-65989F92DB8E}.Debug Dll|Win32.Build.0 = Debug Dll|Win32
		{9E937F93-29BC-445D-A47C-65989F92DB8E}.Debug Dll|x64.ActiveCfg = Debug Dll|Win32
		{9E937F93-29BC-445D-A47C-65989F92DB8E}.Debug|Win32.ActiveCfg = Debug|Win32
		{9E937F93-29BC-445D-A47C-65989F92DB8E}.Debug|Win32.Build.0 = Debug|Win32
		{9E937F93-29BC-445D-A47C-65989F92DB8E}.Debug|x64.ActiveCfg = Debug|Win32
		{9E937F93-29BC-445D-A47C-65989F92DB8E}.Release|Win32.ActiveCfg = Release|Win32
		{9E937F93-29BC-445D-A47C-65989F92DB8E}.Release|Win32.Build.0 = Release|Win32
		{9E937F93-29BC-445D-A47C-65989F92DB8E}.Release|x64.ActiveCfg = Release|Win32
		{60CDC470-1E9A-4047-8924-D56A48A3A336}.Debug Dll|Win32.ActiveCfg = Debug Dll|Win32
		{60CDC470-1E9A-4047-8924-D56A48A3A336}.Debug Dll|x64.ActiveCfg = Debug Dll|Win32
		{60CDC470-1E9A-4047-8924-D56A48A3A336}.Debug|Win32.ActiveCfg = Debug|Win32
		{60CDC470-1E9A-4047-8924-D56A48A3A336}.Debug|x64.ActiveCfg = Debug|Win32
		{60CDC470-1E9A-4047-8924-D56A48A3A336}.Release|Win32.ActiveCfg = Release|Win32
		{60CDC470-1E9A-4047-8924-D56A48A3A336}.Release|Win32.Build.0 = Release|Win32
		{60CDC470-1E9A-4047-8924-D56A48A3A336}.Release|x64.ActiveCfg = Release|Win32
		{90150A16-FF52-B045-A9E4-73BE8B866724}.Debug Dll|Win32.ActiveCfg = Debug Dll|Win32
		{90150A16-FF52-B045-A9E4-73BE8B866724}.Debug Dll|x64.ActiveCfg = Debug Dll|Win32
		{90150A16-FF52-B045-A9E4-73BE8B866724}.Debug|Win32.ActiveCfg = Debug|Win32
		{90150A16-FF52-B045-A9E4-73BE8B866724}.Debug|x64.ActiveCfg = Debug|Win32
		{90150A16-FF52-B045-A9E4-73BE8B866724}.Release|Win32.ActiveCfg = Release|Win32
		{90150A16-FF52-B045-A9E4-73BE8B866724}.Release|Win32.Build.0 = Release|Win32
		{90150A16-FF52-B045-A9E4-73BE8B866724}.Release|x64.ActiveCfg = Release|Win32
		{D2EB28F5-6B67-4823-8051-B564EF852CED}.Debug Dll|Win32.ActiveCfg = Debug Dll|Win32
		{D2EB28F5-6B67-4823-8051-B564EF852CED}.Debug Dll|x64.ActiveCfg = Debug Dll|Win32
		{D2EB28F5-6B67-4823-8051-B564EF852CED}.Debug|Win32.ActiveCfg = Debug|Win32
		{D2EB28F5-6B67-4823-8051-B564EF852CED}.Debug|x64.ActiveCfg = Debug|Win32
		{D2EB28F5-6B67-4823-8051-B564EF852CED}.Release|Win32.ActiveCfg = Release|Win32
		{D2EB28F5-6B67-4823-8051-B564EF852CED}.Release|Win32.Build.0 = Release|Win32
		{D2EB28F5-6B67-4823-8051-B564EF852CED}.Release|x64.ActiveCfg = Release|Win32
		{C804764A-69F9-412A-B6DC-DD7075EBB2A8}.Debug Dll|Win32.ActiveCfg = Debug Dll|Win32
		{C804764A-69F9-412A-B6DC-DD7075EBB2A8}.Debug Dll|x64.ActiveCfg = Debug Dll|Win32
		{C804764A-69F9-412A-B6DC-DD7075EBB2A8}.Debug|Win32.ActiveCfg = Debug|Win32
		{C804764A-69F9-412A-B6DC-DD7075EBB2A8}.Debug|x64.ActiveCfg = Debug|Win32
		{C804764A-69F9-412A-B6DC-DD7075EBB2A8}.Release|Win32.ActiveCfg = Release|Win32
		{C804764A-69F9-412A-B6DC-DD7075EBB2A8}.Release|Win32.Build.0 = Release|Win32
		{C804764A-69F9-412A-B6DC-DD7075EBB2A8}.Release|x64.ActiveCfg = Release|Win32
		{21FFCF49-0D09-41D3-8A04-F47A0890F27A}.Debug Dll|Win32.ActiveCfg = Debug Dll|Win32
		{21FFCF49-0D09-41D3-8A04-F47A0890F27A}.Debug Dll|x64.ActiveCfg = Debug Dll|Win32
		{21FFCF49-0D09-41D3-8A04-F47A0890F27A}.Debug|Win32.ActiveCfg = Debug|Win32
		{21FFCF49-0D09-41D3-8A04-F47A0890F27A}.Debug|x64.ActiveCfg = Debug|Win32
		{21FFCF49-0D09-41D3-8A04-F47A0890F27A}.Release|Win32.ActiveCfg = Release|Win32
		{21FFCF49-0D09-41D3-8A04-F47A0890F27A}.Release|Win32.Build.0 = Release|Win32
		{21FFCF49-0D09-41D3-8A04-F47A0890F27A}.Release|x64.ActiveCfg = Release|Win32
		{110DB50F-7947-4E66-8F5C-B4F378DCBEDD}.Debug Dll|Win32.ActiveCfg = Debug Dll|Win32
		{110DB50F-7947-4E66-8F5C-B4F378DCBEDD}.Debug Dll|x64.ActiveCfg = Debug Dll|Win32
		{110DB50F-7947-4E66-8F5C-B4F378DCBEDD}.Debug|Win32.ActiveCfg = Debug|Win32
		{110DB50F-7947-4E66-8F5C-B4F378DCBEDD}.Debug|x64.ActiveCfg = Debug|Win32
		{110DB50F-7947-4E66-8F5C-B4F378DCBEDD}.Release|Win32.ActiveCfg = Release|Win32
		{110DB50F-7947-4E66-8F5C-B4F378DCBEDD}.Release|Win32.Build.0 = Release|Win32
		{110DB50F-7947-4E66-8F5C-B4F378DCBEDD}.Release|x64.ActiveCfg = Release|Win32
		{3423EC9A-52E4-4A4D-9753-EDEBC38785EF}.Debug Dll|Win32.ActiveCfg = Debug Dll|Win32
		{3423EC9A-52E4-4A4D-9753-EDEBC38785EF}.Debug Dll|Win32.Build.0 = Debug Dll|Win32
		{3423EC9A-52E4-4A4D-9753-EDEBC38785EF}.Debug Dll|x64.ActiveCfg = Debug Dll|x64
		{3423EC9A-52E4-4A4D-9753-EDEBC38785EF}.Debug Dll|x64.Build.0 = Debug Dll|x64
		{3423EC9A-52E4-4A4D-9753-EDEBC38785EF}.Debug|Win32.ActiveCfg = Debug|Win32
		{3423EC9A-52E4-4A4D-9753-EDEBC38785EF}.Debug|Win32.Build.0 = Debug|Win32
		{3423EC9A-52E4-4A4D-9753-EDEBC38785EF}.Debug|x64.ActiveCfg = Debug|x64
		{3423EC9A-52E4-4A4D-9753-EDEBC38785EF}.Debug|x64.Build.0 = Debug|x64
		{3423EC9A-52E4-4A4D-9753-EDEBC38785EF}.Release|Win32.ActiveCfg = Release|Win32
		{3423EC9A-52E4-4A4D-9753-EDEBC38785EF}.Release|Win32.Build.0 = Release|Win32
		{3423EC9A-52E4-4A4D-9753-EDEBC38785EF}.Release|x64.ActiveCfg = Release|x64
		{3423EC9A-52E4-4A4D-9753-EDEBC38785EF}.Release|x64.Build.0 = Release|x64
	EndGlobalSection
	GlobalSection(SolutionProperties) = preSolution
		HideSolutionNode = FALSE
	EndGlobalSection
EndGlobal
